// !$*UTF8*$!
{
	archiveVersion = 1;
	classes = {
	};
	objectVersion = 46;
	objects = {

/* Begin PBXBuildFile section */
		DDE9DC7A1BEBC7530016DED1 /* AppDelegate.swift in Sources */ = {isa = PBXBuildFile; fileRef = DDE9DC791BEBC7530016DED1 /* AppDelegate.swift */; };
		DDE9DC7C1BEBC7530016DED1 /* ViewController.swift in Sources */ = {isa = PBXBuildFile; fileRef = DDE9DC7B1BEBC7530016DED1 /* ViewController.swift */; };
		DDE9DC7F1BEBC7530016DED1 /* Main.storyboard in Resources */ = {isa = PBXBuildFile; fileRef = DDE9DC7D1BEBC7530016DED1 /* Main.storyboard */; };
		DDE9DC811BEBC7530016DED1 /* Assets.xcassets in Resources */ = {isa = PBXBuildFile; fileRef = DDE9DC801BEBC7530016DED1 /* Assets.xcassets */; };
/* End PBXBuildFile section */

/* Begin PBXFileReference section */
		DDE9DC761BEBC7530016DED1 /* TouchesAndPresses.app */ = {isa = PBXFileReference; explicitFileType = wrapper.application; includeInIndex = 0; path = TouchesAndPresses.app; sourceTree = BUILT_PRODUCTS_DIR; };
		DDE9DC791BEBC7530016DED1 /* AppDelegate.swift */ = {isa = PBXFileReference; lastKnownFileType = sourcecode.swift; path = AppDelegate.swift; sourceTree = "<group>"; };
		DDE9DC7B1BEBC7530016DED1 /* ViewController.swift */ = {isa = PBXFileReference; lastKnownFileType = sourcecode.swift; path = ViewController.swift; sourceTree = "<group>"; };
		DDE9DC7E1BEBC7530016DED1 /* Base */ = {isa = PBXFileReference; lastKnownFileType = file.storyboard; name = Base; path = Base.lproj/Main.storyboard; sourceTree = "<group>"; };
		DDE9DC801BEBC7530016DED1 /* Assets.xcassets */ = {isa = PBXFileReference; lastKnownFileType = folder.assetcatalog; path = Assets.xcassets; sourceTree = "<group>"; };
		DDE9DC821BEBC7530016DED1 /* Info.plist */ = {isa = PBXFileReference; lastKnownFileType = text.plist.xml; path = Info.plist; sourceTree = "<group>"; };
/* End PBXFileReference section */

/* Begin PBXFrameworksBuildPhase section */
		DDE9DC731BEBC7530016DED1 /* Frameworks */ = {
			isa = PBXFrameworksBuildPhase;
			buildActionMask = 2147483647;
			files = (
			);
			runOnlyForDeploymentPostprocessing = 0;
		};
/* End PBXFrameworksBuildPhase section */

/* Begin PBXGroup section */
		DDE9DC6D1BEBC7530016DED1 = {
			isa = PBXGroup;
			children = (
				DDE9DC781BEBC7530016DED1 /* TouchesAndPresses */,
				DDE9DC771BEBC7530016DED1 /* Products */,
			);
			sourceTree = "<group>";
		};
		DDE9DC771BEBC7530016DED1 /* Products */ = {
			isa = PBXGroup;
			children = (
				DDE9DC761BEBC7530016DED1 /* TouchesAndPresses.app */,
			);
			name = Products;
			sourceTree = "<group>";
		};
		DDE9DC781BEBC7530016DED1 /* TouchesAndPresses */ = {
			isa = PBXGroup;
			children = (
				DDE9DC791BEBC7530016DED1 /* AppDelegate.swift */,
				DDE9DC7B1BEBC7530016DED1 /* ViewController.swift */,
				DDE9DC7D1BEBC7530016DED1 /* Main.storyboard */,
				DDE9DC801BEBC7530016DED1 /* Assets.xcassets */,
				DDE9DC821BEBC7530016DED1 /* Info.plist */,
			);
			path = TouchesAndPresses;
			sourceTree = "<group>";
		};
/* End PBXGroup section */

/* Begin PBXNativeTarget section */
		DDE9DC751BEBC7530016DED1 /* TouchesAndPresses */ = {
			isa = PBXNativeTarget;
			buildConfigurationList = DDE9DC851BEBC7530016DED1 /* Build configuration list for PBXNativeTarget "TouchesAndPresses" */;
			buildPhases = (
				DDE9DC721BEBC7530016DED1 /* Sources */,
				DDE9DC731BEBC7530016DED1 /* Frameworks */,
				DDE9DC741BEBC7530016DED1 /* Resources */,
			);
			buildRules = (
			);
			dependencies = (
			);
			name = TouchesAndPresses;
			productName = TouchesAndPresses;
			productReference = DDE9DC761BEBC7530016DED1 /* TouchesAndPresses.app */;
			productType = "com.apple.product-type.application";
		};
/* End PBXNativeTarget section */

/* Begin PBXProject section */
		DDE9DC6E1BEBC7530016DED1 /* Project object */ = {
			isa = PBXProject;
			attributes = {
				LastSwiftUpdateCheck = 0710;
				LastUpgradeCheck = 0710;
				ORGANIZATIONNAME = "Tobias Conradi";
				TargetAttributes = {
					DDE9DC751BEBC7530016DED1 = {
						CreatedOnToolsVersion = 7.1;
					};
				};
			};
			buildConfigurationList = DDE9DC711BEBC7530016DED1 /* Build configuration list for PBXProject "TouchesAndPresses" */;
			compatibilityVersion = "Xcode 3.2";
			developmentRegion = English;
			hasScannedForEncodings = 0;
			knownRegions = (
				en,
				Base,
			);
			mainGroup = DDE9DC6D1BEBC7530016DED1;
			productRefGroup = DDE9DC771BEBC7530016DED1 /* Products */;
			projectDirPath = "";
			projectRoot = "";
			targets = (
				DDE9DC751BEBC7530016DED1 /* TouchesAndPresses */,
			);
		};
/* End PBXProject section */

/* Begin PBXResourcesBuildPhase section */
		DDE9DC741BEBC7530016DED1 /* Resources */ = {
			isa = PBXResourcesBuildPhase;
			buildActionMask = 2147483647;
			files = (
				DDE9DC811BEBC7530016DED1 /* Assets.xcassets in Resources */,
				DDE9DC7F1BEBC7530016DED1 /* Main.storyboard in Resources */,
			);
			runOnlyForDeploymentPostprocessing = 0;
		};
/* End PBXResourcesBuildPhase section */

/* Begin PBXSourcesBuildPhase section */
		DDE9DC721BEBC7530016DED1 /* Sources */ = {
			isa = PBXSourcesBuildPhase;
			buildActionMask = 2147483647;
			files = (
				DDE9DC7C1BEBC7530016DED1 /* ViewController.swift in Sources */,
				DDE9DC7A1BEBC7530016DED1 /* AppDelegate.swift in Sources */,
			);
			runOnlyForDeploymentPostprocessing = 0;
		};
/* End PBXSourcesBuildPhase section */

/* Begin PBXVariantGroup section */
		DDE9DC7D1BEBC7530016DED1 /* Main.storyboard */ = {
			isa = PBXVariantGroup;
			children = (
				DDE9DC7E1BEBC7530016DED1 /* Base */,
			);
			name = Main.storyboard;
			sourceTree = "<group>";
		};
/* End PBXVariantGroup section */

/* Begin XCBuildConfiguration section */
		DDE9DC831BEBC7530016DED1 /* Debug */ = {
			isa = XCBuildConfiguration;
			buildSettings = {
				ALWAYS_SEARCH_USER_PATHS = NO;
				CLANG_CXX_LANGUAGE_STANDARD = "gnu++0x";
				CLANG_CXX_LIBRARY = "libc++";
				CLANG_ENABLE_MODULES = YES;
				CLANG_ENABLE_OBJC_ARC = YES;
				CLANG_WARN_BOOL_CONVERSION = YES;
				CLANG_WARN_CONSTANT_CONVERSION = YES;
				CLANG_WARN_DIRECT_OBJC_ISA_USAGE = YES_ERROR;
				CLANG_WARN_EMPTY_BODY = YES;
				CLANG_WARN_ENUM_CONVERSION = YES;
				CLANG_WARN_INT_CONVERSION = YES;
				CLANG_WARN_OBJC_ROOT_CLASS = YES_ERROR;
				CLANG_WARN_UNREACHABLE_CODE = YES;
				CLANG_WARN__DUPLICATE_METHOD_MATCH = YES;
				COPY_PHASE_STRIP = NO;
				DEBUG_INFORMATION_FORMAT = dwarf;
				ENABLE_STRICT_OBJC_MSGSEND = YES;
				ENABLE_TESTABILITY = YES;
				GCC_C_LANGUAGE_STANDARD = gnu99;
				GCC_DYNAMIC_NO_PIC = NO;
				GCC_NO_COMMON_BLOCKS = YES;
				GCC_OPTIMIZATION_LEVEL = 0;
				GCC_PREPROCESSOR_DEFINITIONS = (
					"DEBUG=1",
					"$(inherited)",
				);
				GCC_WARN_64_TO_32_BIT_CONVERSION = YES;
				GCC_WARN_ABOUT_RETURN_TYPE = YES_ERROR;
				GCC_WARN_UNDECLARED_SELECTOR = YES;
				GCC_WARN_UNINITIALIZED_AUTOS = YES_AGGRESSIVE;
				GCC_WARN_UNUSED_FUNCTION = YES;
				GCC_WARN_UNUSED_VARIABLE = YES;
				MTL_ENABLE_DEBUG_INFO = YES;
				ONLY_ACTIVE_ARCH = YES;
				SDKROOT = appletvos;
				SWIFT_OPTIMIZATION_LEVEL = "-Onone";
				TARGETED_DEVICE_FAMILY = 3;
				TVOS_DEPLOYMENT_TARGET = 9.0;
			};
			name = Debug;
		};
		DDE9DC841BEBC7530016DED1 /* Release */ = {
			isa = XCBuildConfiguration;
			buildSettings = {
				ALWAYS_SEARCH_USER_PATHS = NO;
				CLANG_CXX_LANGUAGE_STANDARD = "gnu++0x";
				CLANG_CXX_LIBRARY = "libc++";
				CLANG_ENABLE_MODULES = YES;
				CLANG_ENABLE_OBJC_ARC = YES;
				CLANG_WARN_BOOL_CONVERSION = YES;
				CLANG_WARN_CONSTANT_CONVERSION = YES;
				CLANG_WARN_DIRECT_OBJC_ISA_USAGE = YES_ERROR;
				CLANG_WARN_EMPTY_BODY = YES;
				CLANG_WARN_ENUM_CONVERSION = YES;
				CLANG_WARN_INT_CONVERSION = YES;
				CLANG_WARN_OBJC_ROOT_CLASS = YES_ERROR;
				CLANG_WARN_UNREACHABLE_CODE = YES;
				CLANG_WARN__DUPLICATE_METHOD_MATCH = YES;
				COPY_PHASE_STRIP = NO;
				DEBUG_INFORMATION_FORMAT = "dwarf-with-dsym";
				ENABLE_NS_ASSERTIONS = NO;
				ENABLE_STRICT_OBJC_MSGSEND = YES;
				GCC_C_LANGUAGE_STANDARD = gnu99;
				GCC_NO_COMMON_BLOCKS = YES;
				GCC_WARN_64_TO_32_BIT_CONVERSION = YES;
				GCC_WARN_ABOUT_RETURN_TYPE = YES_ERROR;
				GCC_WARN_UNDECLARED_SELECTOR = YES;
				GCC_WARN_UNINITIALIZED_AUTOS = YES_AGGRESSIVE;
				GCC_WARN_UNUSED_FUNCTION = YES;
				GCC_WARN_UNUSED_VARIABLE = YES;
				MTL_ENABLE_DEBUG_INFO = NO;
				SDKROOT = appletvos;
				TARGETED_DEVICE_FAMILY = 3;
				TVOS_DEPLOYMENT_TARGET = 9.0;
				VALIDATE_PRODUCT = YES;
			};
			name = Release;
		};
		DDE9DC861BEBC7530016DED1 /* Debug */ = {
			isa = XCBuildConfiguration;
			buildSettings = {
				ASSETCATALOG_COMPILER_APPICON_NAME = "App Icon & Top Shelf Image";
				ASSETCATALOG_COMPILER_LAUNCHIMAGE_NAME = LaunchImage;
				INFOPLIST_FILE = TouchesAndPresses/Info.plist;
				LD_RUNPATH_SEARCH_PATHS = "$(inherited) @executable_path/Frameworks";
				PRODUCT_BUNDLE_IDENTIFIER = "de.tobias-conradi.TouchesAndPresses";
				PRODUCT_NAME = "$(TARGET_NAME)";
			};
			name = Debug;
		};
		DDE9DC871BEBC7530016DED1 /* Release */ = {
			isa = XCBuildConfiguration;
			buildSettings = {
				ASSETCATALOG_COMPILER_APPICON_NAME = "App Icon & Top Shelf Image";
				ASSETCATALOG_COMPILER_LAUNCHIMAGE_NAME = LaunchImage;
				INFOPLIST_FILE = TouchesAndPresses/Info.plist;
				LD_RUNPATH_SEARCH_PATHS = "$(inherited) @executable_path/Frameworks";
				PRODUCT_BUNDLE_IDENTIFIER = "de.tobias-conradi.TouchesAndPresses";
				PRODUCT_NAME = "$(TARGET_NAME)";
			};
			name = Release;
		};
/* End XCBuildConfiguration section */

/* Begin XCConfigurationList section */
		DDE9DC711BEBC7530016DED1 /* Build configuration list for PBXProject "TouchesAndPresses" */ = {
			isa = XCConfigurationList;
			buildConfigurations = (
				DDE9DC831BEBC7530016DED1 /* Debug */,
				DDE9DC841BEBC7530016DED1 /* Release */,
			);
			defaultConfigurationIsVisible = 0;
			defaultConfigurationName = Release;
		};
		DDE9DC851BEBC7530016DED1 /* Build configuration list for PBXNativeTarget "TouchesAndPresses" */ = {
			isa = XCConfigurationList;
			buildConfigurations = (
				DDE9DC861BEBC7530016DED1 /* Debug */,
				DDE9DC871BEBC7530016DED1 /* Release */,
			);
			defaultConfigurationIsVisible = 0;
		};
/* End XCConfigurationList section */
	};
	rootObject = DDE9DC6E1BEBC7530016DED1 /* Project object */;
}
